
Microsoft Visual Studio Solution File, Format Version 12.00
# Visual Studio Version 17
VisualStudioVersion = 17.4.33103.184
MinimumVisualStudioVersion = 10.0.40219.1
Project("{FAE04EC0-301F-11D3-BF4B-00C04F79EFBC}") = "Rope", "Rope.csproj", "{3485BF02-C42F-4701-8A2B-9B062B1218C1}"
EndProject
Project("{9A19103F-16F7-4668-BE54-9A1E7A4F7556}") = "Common", "..\..\Common\Common\Common.csproj", "{D686327D-DC98-4ACB-8A3D-058D33E3C05A}"
EndProject
Global
	GlobalSection(SolutionConfigurationPlatforms) = preSolution
		Debug|Any CPU = Debug|Any CPU
		Release|Any CPU = Release|Any CPU
	EndGlobalSection
	GlobalSection(ProjectConfigurationPlatforms) = postSolution
		{3485BF02-C42F-4701-8A2B-9B062B1218C1}.Debug|Any CPU.ActiveCfg = Debug|Any CPU
		{3485BF02-C42F-4701-8A2B-9B062B1218C1}.Debug|Any CPU.Build.0 = Debug|Any CPU
		{3485BF02-C42F-4701-8A2B-9B062B1218C1}.Release|Any CPU.ActiveCfg = Release|Any CPU
		{3485BF02-C42F-4701-8A2B-9B062B1218C1}.Release|Any CPU.Build.0 = Release|Any CPU
		{D686327D-DC98-4ACB-8A3D-058D33E3C05A}.Debug|Any CPU.ActiveCfg = Debug|Any CPU
		{D686327D-DC98-4ACB-8A3D-058D33E3C05A}.Debug|Any CPU.Build.0 = Debug|Any CPU
		{D686327D-DC98-4ACB-8A3D-058D33E3C05A}.Release|Any CPU.ActiveCfg = Release|Any CPU
		{D686327D-DC98-4ACB-8A3D-058D33E3C05A}.Release|Any CPU.Build.0 = Release|Any CPU
	EndGlobalSection
	GlobalSection(SolutionProperties) = preSolution
		HideSolutionNode = FALSE
	EndGlobalSection
	GlobalSection(ExtensibilityGlobals) = postSolution
		SolutionGuid = {45C3843B-8111-4A28-B7D2-92727A4B7362}
	EndGlobalSection
EndGlobal
