
Microsoft Visual Studio Solution File, Format Version 12.00
# Visual Studio Version 17
VisualStudioVersion = 17.4.33103.184
MinimumVisualStudioVersion = 10.0.40219.1
Project("{FAE04EC0-301F-11D3-BF4B-00C04F79EFBC}") = "SnafuNumbers", "SnafuNumbers.csproj", "{703C3FB0-9B44-4EEA-BAA2-D37D4F4BD55E}"
EndProject
Project("{9A19103F-16F7-4668-BE54-9A1E7A4F7556}") = "Common", "..\..\Common\Common\Common.csproj", "{F608C10C-4F27-4E62-9D38-B54784293EC5}"
EndProject
Project("{FAE04EC0-301F-11D3-BF4B-00C04F79EFBC}") = "SnafuLib", "..\SnafuLib\SnafuLib.csproj", "{3C78FE6D-6BFB-4CEE-B218-4D74035B37EE}"
EndProject
Global
	GlobalSection(SolutionConfigurationPlatforms) = preSolution
		Debug|Any CPU = Debug|Any CPU
		Release|Any CPU = Release|Any CPU
	EndGlobalSection
	GlobalSection(ProjectConfigurationPlatforms) = postSolution
		{703C3FB0-9B44-4EEA-BAA2-D37D4F4BD55E}.Debug|Any CPU.ActiveCfg = Debug|Any CPU
		{703C3FB0-9B44-4EEA-BAA2-D37D4F4BD55E}.Debug|Any CPU.Build.0 = Debug|Any CPU
		{703C3FB0-9B44-4EEA-BAA2-D37D4F4BD55E}.Release|Any CPU.ActiveCfg = Release|Any CPU
		{703C3FB0-9B44-4EEA-BAA2-D37D4F4BD55E}.Release|Any CPU.Build.0 = Release|Any CPU
		{F608C10C-4F27-4E62-9D38-B54784293EC5}.Debug|Any CPU.ActiveCfg = Debug|Any CPU
		{F608C10C-4F27-4E62-9D38-B54784293EC5}.Debug|Any CPU.Build.0 = Debug|Any CPU
		{F608C10C-4F27-4E62-9D38-B54784293EC5}.Release|Any CPU.ActiveCfg = Release|Any CPU
		{F608C10C-4F27-4E62-9D38-B54784293EC5}.Release|Any CPU.Build.0 = Release|Any CPU
		{3C78FE6D-6BFB-4CEE-B218-4D74035B37EE}.Debug|Any CPU.ActiveCfg = Debug|Any CPU
		{3C78FE6D-6BFB-4CEE-B218-4D74035B37EE}.Debug|Any CPU.Build.0 = Debug|Any CPU
		{3C78FE6D-6BFB-4CEE-B218-4D74035B37EE}.Release|Any CPU.ActiveCfg = Release|Any CPU
		{3C78FE6D-6BFB-4CEE-B218-4D74035B37EE}.Release|Any CPU.Build.0 = Release|Any CPU
	EndGlobalSection
	GlobalSection(SolutionProperties) = preSolution
		HideSolutionNode = FALSE
	EndGlobalSection
	GlobalSection(ExtensibilityGlobals) = postSolution
		SolutionGuid = {E1A9C593-2CC4-4A57-A34E-29C89781C838}
	EndGlobalSection
EndGlobal
