
Microsoft Visual Studio Solution File, Format Version 12.00
# Visual Studio Version 17
VisualStudioVersion = 17.4.33103.184
MinimumVisualStudioVersion = 10.0.40219.1
Project("{FAE04EC0-301F-11D3-BF4B-00C04F79EFBC}") = "Droplet", "Droplet.csproj", "{1C644A4E-8017-4A2C-8C8A-CF0B2D5A87FD}"
EndProject
Project("{9A19103F-16F7-4668-BE54-9A1E7A4F7556}") = "Common", "..\..\Common\Common\Common.csproj", "{A6C9827E-6CA6-4015-B1A3-722199F649BB}"
EndProject
Project("{FAE04EC0-301F-11D3-BF4B-00C04F79EFBC}") = "DropletLib", "..\DropletLib\DropletLib.csproj", "{008480DE-4DFC-45E8-B544-C13EE91CADF6}"
EndProject
Global
	GlobalSection(SolutionConfigurationPlatforms) = preSolution
		Debug|Any CPU = Debug|Any CPU
		Release|Any CPU = Release|Any CPU
	EndGlobalSection
	GlobalSection(ProjectConfigurationPlatforms) = postSolution
		{1C644A4E-8017-4A2C-8C8A-CF0B2D5A87FD}.Debug|Any CPU.ActiveCfg = Debug|Any CPU
		{1C644A4E-8017-4A2C-8C8A-CF0B2D5A87FD}.Debug|Any CPU.Build.0 = Debug|Any CPU
		{1C644A4E-8017-4A2C-8C8A-CF0B2D5A87FD}.Release|Any CPU.ActiveCfg = Release|Any CPU
		{1C644A4E-8017-4A2C-8C8A-CF0B2D5A87FD}.Release|Any CPU.Build.0 = Release|Any CPU
		{A6C9827E-6CA6-4015-B1A3-722199F649BB}.Debug|Any CPU.ActiveCfg = Debug|Any CPU
		{A6C9827E-6CA6-4015-B1A3-722199F649BB}.Debug|Any CPU.Build.0 = Debug|Any CPU
		{A6C9827E-6CA6-4015-B1A3-722199F649BB}.Release|Any CPU.ActiveCfg = Release|Any CPU
		{A6C9827E-6CA6-4015-B1A3-722199F649BB}.Release|Any CPU.Build.0 = Release|Any CPU
		{008480DE-4DFC-45E8-B544-C13EE91CADF6}.Debug|Any CPU.ActiveCfg = Debug|Any CPU
		{008480DE-4DFC-45E8-B544-C13EE91CADF6}.Debug|Any CPU.Build.0 = Debug|Any CPU
		{008480DE-4DFC-45E8-B544-C13EE91CADF6}.Release|Any CPU.ActiveCfg = Release|Any CPU
		{008480DE-4DFC-45E8-B544-C13EE91CADF6}.Release|Any CPU.Build.0 = Release|Any CPU
	EndGlobalSection
	GlobalSection(SolutionProperties) = preSolution
		HideSolutionNode = FALSE
	EndGlobalSection
	GlobalSection(ExtensibilityGlobals) = postSolution
		SolutionGuid = {14497656-4653-4424-9C4D-0CC0D9CBF1B7}
	EndGlobalSection
EndGlobal
