
Microsoft Visual Studio Solution File, Format Version 12.00
# Visual Studio Version 17
VisualStudioVersion = 17.4.33103.184
MinimumVisualStudioVersion = 10.0.40219.1
Project("{FAE04EC0-301F-11D3-BF4B-00C04F79EFBC}") = "Rucksack", "Rucksack.csproj", "{A6137E76-6722-4D7C-B9AA-89507C086773}"
EndProject
Project("{9A19103F-16F7-4668-BE54-9A1E7A4F7556}") = "Common", "..\..\Common\Common\Common.csproj", "{2A728AB9-FA13-4646-B7CC-9BD90AA46264}"
EndProject
Global
	GlobalSection(SolutionConfigurationPlatforms) = preSolution
		Debug|Any CPU = Debug|Any CPU
		Release|Any CPU = Release|Any CPU
	EndGlobalSection
	GlobalSection(ProjectConfigurationPlatforms) = postSolution
		{A6137E76-6722-4D7C-B9AA-89507C086773}.Debug|Any CPU.ActiveCfg = Debug|Any CPU
		{A6137E76-6722-4D7C-B9AA-89507C086773}.Debug|Any CPU.Build.0 = Debug|Any CPU
		{A6137E76-6722-4D7C-B9AA-89507C086773}.Release|Any CPU.ActiveCfg = Release|Any CPU
		{A6137E76-6722-4D7C-B9AA-89507C086773}.Release|Any CPU.Build.0 = Release|Any CPU
		{2A728AB9-FA13-4646-B7CC-9BD90AA46264}.Debug|Any CPU.ActiveCfg = Debug|Any CPU
		{2A728AB9-FA13-4646-B7CC-9BD90AA46264}.Debug|Any CPU.Build.0 = Debug|Any CPU
		{2A728AB9-FA13-4646-B7CC-9BD90AA46264}.Release|Any CPU.ActiveCfg = Release|Any CPU
		{2A728AB9-FA13-4646-B7CC-9BD90AA46264}.Release|Any CPU.Build.0 = Release|Any CPU
	EndGlobalSection
	GlobalSection(SolutionProperties) = preSolution
		HideSolutionNode = FALSE
	EndGlobalSection
	GlobalSection(ExtensibilityGlobals) = postSolution
		SolutionGuid = {6FADA385-AFC5-49BB-A7DC-B2C432E1A14F}
	EndGlobalSection
EndGlobal
