
Microsoft Visual Studio Solution File, Format Version 12.00
# Visual Studio Version 17
VisualStudioVersion = 17.4.33103.184
MinimumVisualStudioVersion = 10.0.40219.1
Project("{FAE04EC0-301F-11D3-BF4B-00C04F79EFBC}") = "DistressSignal", "DistressSignal.csproj", "{0824A18E-8D42-44EE-B813-7C869648E9FA}"
EndProject
Project("{9A19103F-16F7-4668-BE54-9A1E7A4F7556}") = "Common", "..\..\Common\Common\Common.csproj", "{B5CEEFF5-CA60-468F-A853-7B9F9B3F9968}"
EndProject
Project("{FAE04EC0-301F-11D3-BF4B-00C04F79EFBC}") = "SignalLib", "..\SignalLib\SignalLib.csproj", "{05FA59CE-6481-4800-B572-1EA4C462A9B2}"
EndProject
Global
	GlobalSection(SolutionConfigurationPlatforms) = preSolution
		Debug|Any CPU = Debug|Any CPU
		Release|Any CPU = Release|Any CPU
	EndGlobalSection
	GlobalSection(ProjectConfigurationPlatforms) = postSolution
		{0824A18E-8D42-44EE-B813-7C869648E9FA}.Debug|Any CPU.ActiveCfg = Debug|Any CPU
		{0824A18E-8D42-44EE-B813-7C869648E9FA}.Debug|Any CPU.Build.0 = Debug|Any CPU
		{0824A18E-8D42-44EE-B813-7C869648E9FA}.Release|Any CPU.ActiveCfg = Release|Any CPU
		{0824A18E-8D42-44EE-B813-7C869648E9FA}.Release|Any CPU.Build.0 = Release|Any CPU
		{B5CEEFF5-CA60-468F-A853-7B9F9B3F9968}.Debug|Any CPU.ActiveCfg = Debug|Any CPU
		{B5CEEFF5-CA60-468F-A853-7B9F9B3F9968}.Debug|Any CPU.Build.0 = Debug|Any CPU
		{B5CEEFF5-CA60-468F-A853-7B9F9B3F9968}.Release|Any CPU.ActiveCfg = Release|Any CPU
		{B5CEEFF5-CA60-468F-A853-7B9F9B3F9968}.Release|Any CPU.Build.0 = Release|Any CPU
		{05FA59CE-6481-4800-B572-1EA4C462A9B2}.Debug|Any CPU.ActiveCfg = Debug|Any CPU
		{05FA59CE-6481-4800-B572-1EA4C462A9B2}.Debug|Any CPU.Build.0 = Debug|Any CPU
		{05FA59CE-6481-4800-B572-1EA4C462A9B2}.Release|Any CPU.ActiveCfg = Release|Any CPU
		{05FA59CE-6481-4800-B572-1EA4C462A9B2}.Release|Any CPU.Build.0 = Release|Any CPU
	EndGlobalSection
	GlobalSection(SolutionProperties) = preSolution
		HideSolutionNode = FALSE
	EndGlobalSection
	GlobalSection(ExtensibilityGlobals) = postSolution
		SolutionGuid = {B37D3E12-0080-4BC6-B91E-4608A138BF98}
	EndGlobalSection
EndGlobal
