
Microsoft Visual Studio Solution File, Format Version 12.00
# Visual Studio Version 17
VisualStudioVersion = 17.4.33103.184
MinimumVisualStudioVersion = 10.0.40219.1
Project("{FAE04EC0-301F-11D3-BF4B-00C04F79EFBC}") = "Blizzards", "Blizzards.csproj", "{97D5BC90-FFDB-42C1-A003-367F64F90224}"
EndProject
Project("{9A19103F-16F7-4668-BE54-9A1E7A4F7556}") = "Common", "..\..\Common\Common\Common.csproj", "{91EFF508-C9EF-46BA-A79F-FC60D0A0F201}"
EndProject
Project("{9A19103F-16F7-4668-BE54-9A1E7A4F7556}") = "CommonWPF", "..\..\CommonWPF\CommonWPF\CommonWPF.csproj", "{4DD9E3D3-3972-4DA4-938F-CC553C365B8E}"
EndProject
Project("{FAE04EC0-301F-11D3-BF4B-00C04F79EFBC}") = "BlizzardLib", "..\BlizzardLib\BlizzardLib.csproj", "{6DFDED78-19D6-45D2-8A33-C6193233779D}"
EndProject
Global
	GlobalSection(SolutionConfigurationPlatforms) = preSolution
		Debug|Any CPU = Debug|Any CPU
		Release|Any CPU = Release|Any CPU
	EndGlobalSection
	GlobalSection(ProjectConfigurationPlatforms) = postSolution
		{97D5BC90-FFDB-42C1-A003-367F64F90224}.Debug|Any CPU.ActiveCfg = Debug|Any CPU
		{97D5BC90-FFDB-42C1-A003-367F64F90224}.Debug|Any CPU.Build.0 = Debug|Any CPU
		{97D5BC90-FFDB-42C1-A003-367F64F90224}.Release|Any CPU.ActiveCfg = Release|Any CPU
		{97D5BC90-FFDB-42C1-A003-367F64F90224}.Release|Any CPU.Build.0 = Release|Any CPU
		{91EFF508-C9EF-46BA-A79F-FC60D0A0F201}.Debug|Any CPU.ActiveCfg = Debug|Any CPU
		{91EFF508-C9EF-46BA-A79F-FC60D0A0F201}.Debug|Any CPU.Build.0 = Debug|Any CPU
		{91EFF508-C9EF-46BA-A79F-FC60D0A0F201}.Release|Any CPU.ActiveCfg = Release|Any CPU
		{91EFF508-C9EF-46BA-A79F-FC60D0A0F201}.Release|Any CPU.Build.0 = Release|Any CPU
		{4DD9E3D3-3972-4DA4-938F-CC553C365B8E}.Debug|Any CPU.ActiveCfg = Debug|Any CPU
		{4DD9E3D3-3972-4DA4-938F-CC553C365B8E}.Debug|Any CPU.Build.0 = Debug|Any CPU
		{4DD9E3D3-3972-4DA4-938F-CC553C365B8E}.Release|Any CPU.ActiveCfg = Release|Any CPU
		{4DD9E3D3-3972-4DA4-938F-CC553C365B8E}.Release|Any CPU.Build.0 = Release|Any CPU
		{6DFDED78-19D6-45D2-8A33-C6193233779D}.Debug|Any CPU.ActiveCfg = Debug|Any CPU
		{6DFDED78-19D6-45D2-8A33-C6193233779D}.Debug|Any CPU.Build.0 = Debug|Any CPU
		{6DFDED78-19D6-45D2-8A33-C6193233779D}.Release|Any CPU.ActiveCfg = Release|Any CPU
		{6DFDED78-19D6-45D2-8A33-C6193233779D}.Release|Any CPU.Build.0 = Release|Any CPU
	EndGlobalSection
	GlobalSection(SolutionProperties) = preSolution
		HideSolutionNode = FALSE
	EndGlobalSection
	GlobalSection(ExtensibilityGlobals) = postSolution
		SolutionGuid = {0E22762D-1B04-46F2-9A3B-8782D425AD93}
	EndGlobalSection
EndGlobal
