
Microsoft Visual Studio Solution File, Format Version 12.00
# Visual Studio Version 17
VisualStudioVersion = 17.4.33103.184
MinimumVisualStudioVersion = 10.0.40219.1
Project("{FAE04EC0-301F-11D3-BF4B-00C04F79EFBC}") = "Monkeys", "Monkeys.csproj", "{168422A2-21E0-430A-A800-9374AE0B7063}"
EndProject
Project("{9A19103F-16F7-4668-BE54-9A1E7A4F7556}") = "Common", "..\..\Common\Common\Common.csproj", "{9B14388A-F813-4100-B0E1-ECC4B1BDEF76}"
EndProject
Project("{FAE04EC0-301F-11D3-BF4B-00C04F79EFBC}") = "MonkeyLib", "..\MonkeyLib\MonkeyLib.csproj", "{BC2AEAD2-2393-4B21-B5DE-828443B48BF2}"
EndProject
Global
	GlobalSection(SolutionConfigurationPlatforms) = preSolution
		Debug|Any CPU = Debug|Any CPU
		Release|Any CPU = Release|Any CPU
	EndGlobalSection
	GlobalSection(ProjectConfigurationPlatforms) = postSolution
		{168422A2-21E0-430A-A800-9374AE0B7063}.Debug|Any CPU.ActiveCfg = Debug|Any CPU
		{168422A2-21E0-430A-A800-9374AE0B7063}.Debug|Any CPU.Build.0 = Debug|Any CPU
		{168422A2-21E0-430A-A800-9374AE0B7063}.Release|Any CPU.ActiveCfg = Release|Any CPU
		{168422A2-21E0-430A-A800-9374AE0B7063}.Release|Any CPU.Build.0 = Release|Any CPU
		{9B14388A-F813-4100-B0E1-ECC4B1BDEF76}.Debug|Any CPU.ActiveCfg = Debug|Any CPU
		{9B14388A-F813-4100-B0E1-ECC4B1BDEF76}.Debug|Any CPU.Build.0 = Debug|Any CPU
		{9B14388A-F813-4100-B0E1-ECC4B1BDEF76}.Release|Any CPU.ActiveCfg = Release|Any CPU
		{9B14388A-F813-4100-B0E1-ECC4B1BDEF76}.Release|Any CPU.Build.0 = Release|Any CPU
		{BC2AEAD2-2393-4B21-B5DE-828443B48BF2}.Debug|Any CPU.ActiveCfg = Debug|Any CPU
		{BC2AEAD2-2393-4B21-B5DE-828443B48BF2}.Debug|Any CPU.Build.0 = Debug|Any CPU
		{BC2AEAD2-2393-4B21-B5DE-828443B48BF2}.Release|Any CPU.ActiveCfg = Release|Any CPU
		{BC2AEAD2-2393-4B21-B5DE-828443B48BF2}.Release|Any CPU.Build.0 = Release|Any CPU
	EndGlobalSection
	GlobalSection(SolutionProperties) = preSolution
		HideSolutionNode = FALSE
	EndGlobalSection
	GlobalSection(ExtensibilityGlobals) = postSolution
		SolutionGuid = {36B04BF7-C1EE-49F5-9C7B-0984D72276A3}
	EndGlobalSection
EndGlobal
