
Microsoft Visual Studio Solution File, Format Version 12.00
# Visual Studio Version 17
VisualStudioVersion = 17.4.33103.184
MinimumVisualStudioVersion = 10.0.40219.1
Project("{FAE04EC0-301F-11D3-BF4B-00C04F79EFBC}") = "TreeHouse", "TreeHouse.csproj", "{5C1DB79F-A215-42AB-B9D0-775EB84759ED}"
EndProject
Project("{9A19103F-16F7-4668-BE54-9A1E7A4F7556}") = "Common", "..\..\Common\Common\Common.csproj", "{C70486C3-AF58-44FB-9C75-2DAA8396077D}"
EndProject
Project("{9A19103F-16F7-4668-BE54-9A1E7A4F7556}") = "CommonWPF", "..\..\CommonWPF\CommonWPF\CommonWPF.csproj", "{60496DCB-4D2D-4FA9-ABF0-2583BB7B9E0A}"
EndProject
Project("{FAE04EC0-301F-11D3-BF4B-00C04F79EFBC}") = "TreeHouseLib", "..\TreeHouseLib\TreeHouseLib.csproj", "{70B6DEBA-A9B2-4223-8816-29B5EB419A11}"
EndProject
Global
	GlobalSection(SolutionConfigurationPlatforms) = preSolution
		Debug|Any CPU = Debug|Any CPU
		Release|Any CPU = Release|Any CPU
	EndGlobalSection
	GlobalSection(ProjectConfigurationPlatforms) = postSolution
		{5C1DB79F-A215-42AB-B9D0-775EB84759ED}.Debug|Any CPU.ActiveCfg = Debug|Any CPU
		{5C1DB79F-A215-42AB-B9D0-775EB84759ED}.Debug|Any CPU.Build.0 = Debug|Any CPU
		{5C1DB79F-A215-42AB-B9D0-775EB84759ED}.Release|Any CPU.ActiveCfg = Release|Any CPU
		{5C1DB79F-A215-42AB-B9D0-775EB84759ED}.Release|Any CPU.Build.0 = Release|Any CPU
		{C70486C3-AF58-44FB-9C75-2DAA8396077D}.Debug|Any CPU.ActiveCfg = Debug|Any CPU
		{C70486C3-AF58-44FB-9C75-2DAA8396077D}.Debug|Any CPU.Build.0 = Debug|Any CPU
		{C70486C3-AF58-44FB-9C75-2DAA8396077D}.Release|Any CPU.ActiveCfg = Release|Any CPU
		{C70486C3-AF58-44FB-9C75-2DAA8396077D}.Release|Any CPU.Build.0 = Release|Any CPU
		{60496DCB-4D2D-4FA9-ABF0-2583BB7B9E0A}.Debug|Any CPU.ActiveCfg = Debug|Any CPU
		{60496DCB-4D2D-4FA9-ABF0-2583BB7B9E0A}.Debug|Any CPU.Build.0 = Debug|Any CPU
		{60496DCB-4D2D-4FA9-ABF0-2583BB7B9E0A}.Release|Any CPU.ActiveCfg = Release|Any CPU
		{60496DCB-4D2D-4FA9-ABF0-2583BB7B9E0A}.Release|Any CPU.Build.0 = Release|Any CPU
		{70B6DEBA-A9B2-4223-8816-29B5EB419A11}.Debug|Any CPU.ActiveCfg = Debug|Any CPU
		{70B6DEBA-A9B2-4223-8816-29B5EB419A11}.Debug|Any CPU.Build.0 = Debug|Any CPU
		{70B6DEBA-A9B2-4223-8816-29B5EB419A11}.Release|Any CPU.ActiveCfg = Release|Any CPU
		{70B6DEBA-A9B2-4223-8816-29B5EB419A11}.Release|Any CPU.Build.0 = Release|Any CPU
	EndGlobalSection
	GlobalSection(SolutionProperties) = preSolution
		HideSolutionNode = FALSE
	EndGlobalSection
	GlobalSection(ExtensibilityGlobals) = postSolution
		SolutionGuid = {3643A133-6BA5-4DA4-A777-BABA5A45AF3D}
	EndGlobalSection
EndGlobal
