
Microsoft Visual Studio Solution File, Format Version 12.00
# Visual Studio Version 17
VisualStudioVersion = 17.4.33103.184
MinimumVisualStudioVersion = 10.0.40219.1
Project("{FAE04EC0-301F-11D3-BF4B-00C04F79EFBC}") = "MonkeyJobs", "MonkeyJobs.csproj", "{BE0F874B-BDE0-4DFD-81ED-2428F76C6FD6}"
EndProject
Project("{9A19103F-16F7-4668-BE54-9A1E7A4F7556}") = "Common", "..\..\Common\Common\Common.csproj", "{D3596AE6-3832-4503-A98F-F42820FD3365}"
EndProject
Project("{FAE04EC0-301F-11D3-BF4B-00C04F79EFBC}") = "MonkeyLib", "..\MonkeyLib\MonkeyLib.csproj", "{1ACAAA8B-59AE-4158-821E-2935F3FAB925}"
EndProject
Global
	GlobalSection(SolutionConfigurationPlatforms) = preSolution
		Debug|Any CPU = Debug|Any CPU
		Release|Any CPU = Release|Any CPU
	EndGlobalSection
	GlobalSection(ProjectConfigurationPlatforms) = postSolution
		{BE0F874B-BDE0-4DFD-81ED-2428F76C6FD6}.Debug|Any CPU.ActiveCfg = Debug|Any CPU
		{BE0F874B-BDE0-4DFD-81ED-2428F76C6FD6}.Debug|Any CPU.Build.0 = Debug|Any CPU
		{BE0F874B-BDE0-4DFD-81ED-2428F76C6FD6}.Release|Any CPU.ActiveCfg = Release|Any CPU
		{BE0F874B-BDE0-4DFD-81ED-2428F76C6FD6}.Release|Any CPU.Build.0 = Release|Any CPU
		{D3596AE6-3832-4503-A98F-F42820FD3365}.Debug|Any CPU.ActiveCfg = Debug|Any CPU
		{D3596AE6-3832-4503-A98F-F42820FD3365}.Debug|Any CPU.Build.0 = Debug|Any CPU
		{D3596AE6-3832-4503-A98F-F42820FD3365}.Release|Any CPU.ActiveCfg = Release|Any CPU
		{D3596AE6-3832-4503-A98F-F42820FD3365}.Release|Any CPU.Build.0 = Release|Any CPU
		{1ACAAA8B-59AE-4158-821E-2935F3FAB925}.Debug|Any CPU.ActiveCfg = Debug|Any CPU
		{1ACAAA8B-59AE-4158-821E-2935F3FAB925}.Debug|Any CPU.Build.0 = Debug|Any CPU
		{1ACAAA8B-59AE-4158-821E-2935F3FAB925}.Release|Any CPU.ActiveCfg = Release|Any CPU
		{1ACAAA8B-59AE-4158-821E-2935F3FAB925}.Release|Any CPU.Build.0 = Release|Any CPU
	EndGlobalSection
	GlobalSection(SolutionProperties) = preSolution
		HideSolutionNode = FALSE
	EndGlobalSection
	GlobalSection(ExtensibilityGlobals) = postSolution
		SolutionGuid = {372FE039-F546-43F5-90B6-21C813554C97}
	EndGlobalSection
EndGlobal
